
Microsoft Visual Studio Solution File, Format Version 12.00
# Visual Studio Version 16
VisualStudioVersion = 16.0.31702.278
MinimumVisualStudioVersion = 10.0.40219.1
Project("{FAE04EC0-301F-11D3-BF4B-00C04F79EFBC}") = "lineComparison-Day3", "lineComparison-Day3.csproj", "{33CB293C-4D81-45A0-8FDE-163F92AE5B04}"
EndProject
Global
	GlobalSection(SolutionConfigurationPlatforms) = preSolution
		Debug|Any CPU = Debug|Any CPU
		Release|Any CPU = Release|Any CPU
	EndGlobalSection
	GlobalSection(ProjectConfigurationPlatforms) = postSolution
		{33CB293C-4D81-45A0-8FDE-163F92AE5B04}.Debug|Any CPU.ActiveCfg = Debug|Any CPU
		{33CB293C-4D81-45A0-8FDE-163F92AE5B04}.Debug|Any CPU.Build.0 = Debug|Any CPU
		{33CB293C-4D81-45A0-8FDE-163F92AE5B04}.Release|Any CPU.ActiveCfg = Release|Any CPU
		{33CB293C-4D81-45A0-8FDE-163F92AE5B04}.Release|Any CPU.Build.0 = Release|Any CPU
	EndGlobalSection
	GlobalSection(SolutionProperties) = preSolution
		HideSolutionNode = FALSE
	EndGlobalSection
	GlobalSection(ExtensibilityGlobals) = postSolution
		SolutionGuid = {FBB46F63-B8D8-4CD1-8597-91AEB2407A96}
	EndGlobalSection
EndGlobal
